
Microsoft Visual Studio Solution File, Format Version 12.00
# Visual Studio Version 17
VisualStudioVersion = 17.4.33110.190
MinimumVisualStudioVersion = 10.0.40219.1
Project("{FAE04EC0-301F-11D3-BF4B-00C04F79EFBC}") = "SpaceCadets", "SpaceCadets\SpaceCadets.csproj", "{AD94BF9A-4553-4421-850E-F35483047E9B}"
EndProject
Global
	GlobalSection(SolutionConfigurationPlatforms) = preSolution
		Debug|Any CPU = Debug|Any CPU
		Release|Any CPU = Release|Any CPU
	EndGlobalSection
	GlobalSection(ProjectConfigurationPlatforms) = postSolution
		{AD94BF9A-4553-4421-850E-F35483047E9B}.Debug|Any CPU.ActiveCfg = Debug|Any CPU
		{AD94BF9A-4553-4421-850E-F35483047E9B}.Debug|Any CPU.Build.0 = Debug|Any CPU
		{AD94BF9A-4553-4421-850E-F35483047E9B}.Release|Any CPU.ActiveCfg = Release|Any CPU
		{AD94BF9A-4553-4421-850E-F35483047E9B}.Release|Any CPU.Build.0 = Release|Any CPU
	EndGlobalSection
	GlobalSection(SolutionProperties) = preSolution
		HideSolutionNode = FALSE
	EndGlobalSection
	GlobalSection(ExtensibilityGlobals) = postSolution
		SolutionGuid = {69008C3A-5232-4C78-BEC8-CDDF3687C228}
	EndGlobalSection
EndGlobal
